# THIS IS AN AUTOGENERATED FILE. DO NOT EDIT THIS FILE DIRECTLY.
# yarn lockfile v1


openradio@^1.4.2:
  version "1.4.2"
  resolved "https://registry.yarnpkg.com/openradio/-/openradio-1.4.2.tgz#cc50d08a965325caf8d7aac77c82d09e2d959a6c"
  integrity sha512-9TrdJSWvbfELljtoxOoC3OeGPS9pSbjW0XOiFhy1DvANQwpFwdOSfP7wsnBmFwyF5Xj3WUi+lgNQJmN8+4tABA==
